
Microsoft Visual Studio Solution File, Format Version 11.00
# Visual Studio 2010
Project("{FAE04EC0-301F-11D3-BF4B-00C04F79EFBC}") = "bdqn05", "bdqn05\bdqn05.csproj", "{4AC3E00C-1C05-40D5-B97A-7C0309AF1ED7}"
EndProject
Project("{FAE04EC0-301F-11D3-BF4B-00C04F79EFBC}") = "BanYun", "BanYun\BanYun.csproj", "{E0C47D4C-890E-415C-8B4B-B29FC09AAFA0}"
EndProject
Global
	GlobalSection(SolutionConfigurationPlatforms) = preSolution
		Debug|x86 = Debug|x86
		Release|x86 = Release|x86
	EndGlobalSection
	GlobalSection(ProjectConfigurationPlatforms) = postSolution
		{4AC3E00C-1C05-40D5-B97A-7C0309AF1ED7}.Debug|x86.ActiveCfg = Debug|x86
		{4AC3E00C-1C05-40D5-B97A-7C0309AF1ED7}.Debug|x86.Build.0 = Debug|x86
		{4AC3E00C-1C05-40D5-B97A-7C0309AF1ED7}.Release|x86.ActiveCfg = Release|x86
		{4AC3E00C-1C05-40D5-B97A-7C0309AF1ED7}.Release|x86.Build.0 = Release|x86
		{E0C47D4C-890E-415C-8B4B-B29FC09AAFA0}.Debug|x86.ActiveCfg = Debug|x86
		{E0C47D4C-890E-415C-8B4B-B29FC09AAFA0}.Debug|x86.Build.0 = Debug|x86
		{E0C47D4C-890E-415C-8B4B-B29FC09AAFA0}.Release|x86.ActiveCfg = Release|x86
		{E0C47D4C-890E-415C-8B4B-B29FC09AAFA0}.Release|x86.Build.0 = Release|x86
	EndGlobalSection
	GlobalSection(SolutionProperties) = preSolution
		HideSolutionNode = FALSE
	EndGlobalSection
EndGlobal
