
Microsoft Visual Studio Solution File, Format Version 11.00
# Visual Studio 2010
Project("{FAE04EC0-301F-11D3-BF4B-00C04F79EFBC}") = "DongWu", "DongWu.csproj", "{F7EA6E9C-E32A-46E5-B832-EF41ABECBECA}"
EndProject
Project("{FAE04EC0-301F-11D3-BF4B-00C04F79EFBC}") = "WeiYang", "..\WeiYang\WeiYang.csproj", "{AFF410C7-BEC4-475A-9478-F81644FD176F}"
EndProject
Global
	GlobalSection(SolutionConfigurationPlatforms) = preSolution
		Debug|x86 = Debug|x86
		Release|x86 = Release|x86
	EndGlobalSection
	GlobalSection(ProjectConfigurationPlatforms) = postSolution
		{F7EA6E9C-E32A-46E5-B832-EF41ABECBECA}.Debug|x86.ActiveCfg = Debug|x86
		{F7EA6E9C-E32A-46E5-B832-EF41ABECBECA}.Debug|x86.Build.0 = Debug|x86
		{F7EA6E9C-E32A-46E5-B832-EF41ABECBECA}.Release|x86.ActiveCfg = Release|x86
		{F7EA6E9C-E32A-46E5-B832-EF41ABECBECA}.Release|x86.Build.0 = Release|x86
		{AFF410C7-BEC4-475A-9478-F81644FD176F}.Debug|x86.ActiveCfg = Debug|x86
		{AFF410C7-BEC4-475A-9478-F81644FD176F}.Debug|x86.Build.0 = Debug|x86
		{AFF410C7-BEC4-475A-9478-F81644FD176F}.Release|x86.ActiveCfg = Release|x86
		{AFF410C7-BEC4-475A-9478-F81644FD176F}.Release|x86.Build.0 = Release|x86
	EndGlobalSection
	GlobalSection(SolutionProperties) = preSolution
		HideSolutionNode = FALSE
	EndGlobalSection
EndGlobal
